// !$*UTF8*$!
{
	archiveVersion = 1;
	classes = {
	};
	objectVersion = 56;
	objects = {

/* Begin PBXBuildFile section */
		24203B2D2BAE195E00BF6EE2 /* GoogleSignIn in Frameworks */ = {isa = PBXBuildFile; productRef = 24203B2C2BAE195E00BF6EE2 /* GoogleSignIn */; };
		24203B2F2BAE195E00BF6EE2 /* GoogleSignInSwift in Frameworks */ = {isa = PBXBuildFile; productRef = 24203B2E2BAE195E00BF6EE2 /* GoogleSignInSwift */; };
		24203B312BAE196600BF6EE2 /* RiveRuntime in Frameworks */ = {isa = PBXBuildFile; productRef = 24203B302BAE196600BF6EE2 /* RiveRuntime */; };
		24447A452BC251B800247171 /* SearchView.swift in Sources */ = {isa = PBXBuildFile; fileRef = 24447A442BC251B800247171 /* SearchView.swift */; };
		24572D5E2B9C208100BADCBE /* InputView.swift in Sources */ = {isa = PBXBuildFile; fileRef = 24572D5D2B9C208100BADCBE /* InputView.swift */; };
		24572D652B9C228D00BADCBE /* LoginView.swift in Sources */ = {isa = PBXBuildFile; fileRef = 24572D642B9C228D00BADCBE /* LoginView.swift */; };
		24572D672B9C284E00BADCBE /* RegistrationView.swift in Sources */ = {isa = PBXBuildFile; fileRef = 24572D662B9C284E00BADCBE /* RegistrationView.swift */; };
		24572D692B9C386800BADCBE /* ProfileView.swift in Sources */ = {isa = PBXBuildFile; fileRef = 24572D682B9C386800BADCBE /* ProfileView.swift */; };
		24572D6B2B9C3A2E00BADCBE /* SettingsRowView.swift in Sources */ = {isa = PBXBuildFile; fileRef = 24572D6A2B9C3A2E00BADCBE /* SettingsRowView.swift */; };
		24572D6D2B9C3C0800BADCBE /* User.swift in Sources */ = {isa = PBXBuildFile; fileRef = 24572D6C2B9C3C0800BADCBE /* User.swift */; };
		24572D722B9C3ECF00BADCBE /* FirebaseAuth in Frameworks */ = {isa = PBXBuildFile; productRef = 24572D712B9C3ECF00BADCBE /* FirebaseAuth */; };
		24572D742B9C3ECF00BADCBE /* FirebaseFirestore in Frameworks */ = {isa = PBXBuildFile; productRef = 24572D732B9C3ECF00BADCBE /* FirebaseFirestore */; };
		24572D762B9C3ECF00BADCBE /* FirebaseFirestoreSwift in Frameworks */ = {isa = PBXBuildFile; productRef = 24572D752B9C3ECF00BADCBE /* FirebaseFirestoreSwift */; };
		24572D782B9C3ECF00BADCBE /* FirebaseStorage in Frameworks */ = {isa = PBXBuildFile; productRef = 24572D772B9C3ECF00BADCBE /* FirebaseStorage */; };
		24572D7C2B9C3F2B00BADCBE /* AuthViewModel.swift in Sources */ = {isa = PBXBuildFile; fileRef = 24572D7B2B9C3F2B00BADCBE /* AuthViewModel.swift */; };
		2467E3A72BA6293D003629D6 /* StudySession.swift in Sources */ = {isa = PBXBuildFile; fileRef = 2467E3A62BA6293D003629D6 /* StudySession.swift */; };
		2467E3A92BA62ADE003629D6 /* VCardView.swift in Sources */ = {isa = PBXBuildFile; fileRef = 2467E3A82BA62ADE003629D6 /* VCardView.swift */; };
		2467E3AE2BA62D7A003629D6 /* Inter-Regular.ttf in Resources */ = {isa = PBXBuildFile; fileRef = 2467E3AB2BA62D7A003629D6 /* Inter-Regular.ttf */; };
		2467E3AF2BA62D7A003629D6 /* Poppins-Bold.ttf in Resources */ = {isa = PBXBuildFile; fileRef = 2467E3AC2BA62D7A003629D6 /* Poppins-Bold.ttf */; };
		2467E3B02BA62D7A003629D6 /* Inter-SemiBold.ttf in Resources */ = {isa = PBXBuildFile; fileRef = 2467E3AD2BA62D7A003629D6 /* Inter-SemiBold.ttf */; };
		2467E3B42BA630A0003629D6 /* CustomFont.swift in Sources */ = {isa = PBXBuildFile; fileRef = 2467E3B32BA630A0003629D6 /* CustomFont.swift */; };
		2467E3B72BA63FE8003629D6 /* HCardView.swift in Sources */ = {isa = PBXBuildFile; fileRef = 2467E3B62BA63FE8003629D6 /* HCardView.swift */; };
		2480E31E2BA287B800B82D35 /* Utilites.swift in Sources */ = {isa = PBXBuildFile; fileRef = 2480E31D2BA287B800B82D35 /* Utilites.swift */; };
		24B4C4DB2BA8FF5F00BDD082 /* VCardDetailsView.swift in Sources */ = {isa = PBXBuildFile; fileRef = 24B4C4DA2BA8FF5F00BDD082 /* VCardDetailsView.swift */; };
		24B4C4DE2BAA08D900BDD082 /* StudySessionViewModel.swift in Sources */ = {isa = PBXBuildFile; fileRef = 24B4C4DD2BAA08D900BDD082 /* StudySessionViewModel.swift */; };
		24B4C4E02BAA0AEB00BDD082 /* GoogleService-Info.plist in Resources */ = {isa = PBXBuildFile; fileRef = 24B4C4DF2BAA0AEB00BDD082 /* GoogleService-Info.plist */; };
		24B4C4E22BAA0CBF00BDD082 /* FirebaseDatabase in Frameworks */ = {isa = PBXBuildFile; productRef = 24B4C4E12BAA0CBF00BDD082 /* FirebaseDatabase */; };
		24B4C4E42BAA0CBF00BDD082 /* FirebaseDatabaseSwift in Frameworks */ = {isa = PBXBuildFile; productRef = 24B4C4E32BAA0CBF00BDD082 /* FirebaseDatabaseSwift */; };
		24B62D672B980D3B0026FDB5 /* UniHelpApp.swift in Sources */ = {isa = PBXBuildFile; fileRef = 24B62D662B980D3B0026FDB5 /* UniHelpApp.swift */; };
		24B62D692B980D3B0026FDB5 /* ContentView.swift in Sources */ = {isa = PBXBuildFile; fileRef = 24B62D682B980D3B0026FDB5 /* ContentView.swift */; };
		24B62D6B2B980D3D0026FDB5 /* Assets.xcassets in Resources */ = {isa = PBXBuildFile; fileRef = 24B62D6A2B980D3D0026FDB5 /* Assets.xcassets */; };
		24B62D6E2B980D3D0026FDB5 /* Preview Assets.xcassets in Resources */ = {isa = PBXBuildFile; fileRef = 24B62D6D2B980D3D0026FDB5 /* Preview Assets.xcassets */; };
		24DDFE2F2BA60540001F3386 /* HomeView.swift in Sources */ = {isa = PBXBuildFile; fileRef = 24DDFE2E2BA60540001F3386 /* HomeView.swift */; };
		24DDFE342BA60761001F3386 /* TabView.swift in Sources */ = {isa = PBXBuildFile; fileRef = 24DDFE332BA60761001F3386 /* TabView.swift */; };
		24E5285B2BA60D5D0036311A /* house.riv in Resources */ = {isa = PBXBuildFile; fileRef = 24E528542BA60D5D0036311A /* house.riv */; };
		24E5285C2BA60D5D0036311A /* confetti.riv in Resources */ = {isa = PBXBuildFile; fileRef = 24E528552BA60D5D0036311A /* confetti.riv */; };
		24E5285D2BA60D5D0036311A /* check.riv in Resources */ = {isa = PBXBuildFile; fileRef = 24E528562BA60D5D0036311A /* check.riv */; };
		24E5285E2BA60D5D0036311A /* menu_button.riv in Resources */ = {isa = PBXBuildFile; fileRef = 24E528572BA60D5D0036311A /* menu_button.riv */; };
		24E5285F2BA60D5D0036311A /* shapes.riv in Resources */ = {isa = PBXBuildFile; fileRef = 24E528582BA60D5D0036311A /* shapes.riv */; };
		24E528602BA60D5D0036311A /* button.riv in Resources */ = {isa = PBXBuildFile; fileRef = 24E528592BA60D5D0036311A /* button.riv */; };
		24E528632BA60F9A0036311A /* icons.riv in Resources */ = {isa = PBXBuildFile; fileRef = 24E528622BA60F9A0036311A /* icons.riv */; };
/* End PBXBuildFile section */

/* Begin PBXContainerItemProxy section */
		24B62D742B980D3D0026FDB5 /* PBXContainerItemProxy */ = {
			isa = PBXContainerItemProxy;
			containerPortal = 24B62D5B2B980D3B0026FDB5 /* Project object */;
			proxyType = 1;
			remoteGlobalIDString = 24B62D622B980D3B0026FDB5;
			remoteInfo = UniHelp;
		};
		24B62D7E2B980D3D0026FDB5 /* PBXContainerItemProxy */ = {
			isa = PBXContainerItemProxy;
			containerPortal = 24B62D5B2B980D3B0026FDB5 /* Project object */;
			proxyType = 1;
			remoteGlobalIDString = 24B62D622B980D3B0026FDB5;
			remoteInfo = UniHelp;
		};
/* End PBXContainerItemProxy section */

/* Begin PBXFileReference section */
		24447A442BC251B800247171 /* SearchView.swift */ = {isa = PBXFileReference; lastKnownFileType = sourcecode.swift; path = SearchView.swift; sourceTree = "<group>"; };
		24572D5D2B9C208100BADCBE /* InputView.swift */ = {isa = PBXFileReference; lastKnownFileType = sourcecode.swift; path = InputView.swift; sourceTree = "<group>"; };
		24572D642B9C228D00BADCBE /* LoginView.swift */ = {isa = PBXFileReference; lastKnownFileType = sourcecode.swift; path = LoginView.swift; sourceTree = "<group>"; };
		24572D662B9C284E00BADCBE /* RegistrationView.swift */ = {isa = PBXFileReference; lastKnownFileType = sourcecode.swift; path = RegistrationView.swift; sourceTree = "<group>"; };
		24572D682B9C386800BADCBE /* ProfileView.swift */ = {isa = PBXFileReference; lastKnownFileType = sourcecode.swift; path = ProfileView.swift; sourceTree = "<group>"; };
		24572D6A2B9C3A2E00BADCBE /* SettingsRowView.swift */ = {isa = PBXFileReference; lastKnownFileType = sourcecode.swift; path = SettingsRowView.swift; sourceTree = "<group>"; };
		24572D6C2B9C3C0800BADCBE /* User.swift */ = {isa = PBXFileReference; lastKnownFileType = sourcecode.swift; path = User.swift; sourceTree = "<group>"; };
		24572D7B2B9C3F2B00BADCBE /* AuthViewModel.swift */ = {isa = PBXFileReference; lastKnownFileType = sourcecode.swift; path = AuthViewModel.swift; sourceTree = "<group>"; };
		2467E3A62BA6293D003629D6 /* StudySession.swift */ = {isa = PBXFileReference; lastKnownFileType = sourcecode.swift; path = StudySession.swift; sourceTree = "<group>"; };
		2467E3A82BA62ADE003629D6 /* VCardView.swift */ = {isa = PBXFileReference; lastKnownFileType = sourcecode.swift; path = VCardView.swift; sourceTree = "<group>"; };
		2467E3AB2BA62D7A003629D6 /* Inter-Regular.ttf */ = {isa = PBXFileReference; lastKnownFileType = file; path = "Inter-Regular.ttf"; sourceTree = "<group>"; };
		2467E3AC2BA62D7A003629D6 /* Poppins-Bold.ttf */ = {isa = PBXFileReference; lastKnownFileType = file; path = "Poppins-Bold.ttf"; sourceTree = "<group>"; };
		2467E3AD2BA62D7A003629D6 /* Inter-SemiBold.ttf */ = {isa = PBXFileReference; lastKnownFileType = file; path = "Inter-SemiBold.ttf"; sourceTree = "<group>"; };
		2467E3B32BA630A0003629D6 /* CustomFont.swift */ = {isa = PBXFileReference; fileEncoding = 4; lastKnownFileType = sourcecode.swift; name = CustomFont.swift; path = "../../../../../Downloads/SwiftUI Animations-2/Xcode Course/4. Custom Fonts/Animated/CustomFont.swift"; sourceTree = "<group>"; };
		2467E3B62BA63FE8003629D6 /* HCardView.swift */ = {isa = PBXFileReference; lastKnownFileType = sourcecode.swift; path = HCardView.swift; sourceTree = "<group>"; };
		2480E31B2BA280F200B82D35 /* Info.plist */ = {isa = PBXFileReference; lastKnownFileType = text.plist; path = Info.plist; sourceTree = "<group>"; };
		2480E31D2BA287B800B82D35 /* Utilites.swift */ = {isa = PBXFileReference; lastKnownFileType = sourcecode.swift; path = Utilites.swift; sourceTree = "<group>"; };
		24B4C4DA2BA8FF5F00BDD082 /* VCardDetailsView.swift */ = {isa = PBXFileReference; lastKnownFileType = sourcecode.swift; path = VCardDetailsView.swift; sourceTree = "<group>"; };
		24B4C4DD2BAA08D900BDD082 /* StudySessionViewModel.swift */ = {isa = PBXFileReference; lastKnownFileType = sourcecode.swift; path = StudySessionViewModel.swift; sourceTree = "<group>"; };
		24B4C4DF2BAA0AEB00BDD082 /* GoogleService-Info.plist */ = {isa = PBXFileReference; fileEncoding = 4; lastKnownFileType = text.plist.xml; name = "GoogleService-Info.plist"; path = "../../../../Downloads/GoogleService-Info.plist"; sourceTree = "<group>"; };
		24B62D632B980D3B0026FDB5 /* UniLink.app */ = {isa = PBXFileReference; explicitFileType = wrapper.application; includeInIndex = 0; path = UniLink.app; sourceTree = BUILT_PRODUCTS_DIR; };
		24B62D662B980D3B0026FDB5 /* UniHelpApp.swift */ = {isa = PBXFileReference; lastKnownFileType = sourcecode.swift; path = UniHelpApp.swift; sourceTree = "<group>"; };
		24B62D682B980D3B0026FDB5 /* ContentView.swift */ = {isa = PBXFileReference; lastKnownFileType = sourcecode.swift; path = ContentView.swift; sourceTree = "<group>"; };
		24B62D6A2B980D3D0026FDB5 /* Assets.xcassets */ = {isa = PBXFileReference; lastKnownFileType = folder.assetcatalog; path = Assets.xcassets; sourceTree = "<group>"; };
		24B62D6D2B980D3D0026FDB5 /* Preview Assets.xcassets */ = {isa = PBXFileReference; lastKnownFileType = folder.assetcatalog; path = "Preview Assets.xcassets"; sourceTree = "<group>"; };
		24B62D732B980D3D0026FDB5 /* UniLinkTests.xctest */ = {isa = PBXFileReference; explicitFileType = wrapper.cfbundle; includeInIndex = 0; path = UniLinkTests.xctest; sourceTree = BUILT_PRODUCTS_DIR; };
		24B62D7D2B980D3D0026FDB5 /* UniLinkUITests.xctest */ = {isa = PBXFileReference; explicitFileType = wrapper.cfbundle; includeInIndex = 0; path = UniLinkUITests.xctest; sourceTree = BUILT_PRODUCTS_DIR; };
		24DDFE2E2BA60540001F3386 /* HomeView.swift */ = {isa = PBXFileReference; lastKnownFileType = sourcecode.swift; path = HomeView.swift; sourceTree = "<group>"; };
		24DDFE332BA60761001F3386 /* TabView.swift */ = {isa = PBXFileReference; lastKnownFileType = sourcecode.swift; path = TabView.swift; sourceTree = "<group>"; };
		24E528542BA60D5D0036311A /* house.riv */ = {isa = PBXFileReference; lastKnownFileType = file; path = house.riv; sourceTree = "<group>"; };
		24E528552BA60D5D0036311A /* confetti.riv */ = {isa = PBXFileReference; lastKnownFileType = file; path = confetti.riv; sourceTree = "<group>"; };
		24E528562BA60D5D0036311A /* check.riv */ = {isa = PBXFileReference; lastKnownFileType = file; path = check.riv; sourceTree = "<group>"; };
		24E528572BA60D5D0036311A /* menu_button.riv */ = {isa = PBXFileReference; lastKnownFileType = file; path = menu_button.riv; sourceTree = "<group>"; };
		24E528582BA60D5D0036311A /* shapes.riv */ = {isa = PBXFileReference; lastKnownFileType = file; path = shapes.riv; sourceTree = "<group>"; };
		24E528592BA60D5D0036311A /* button.riv */ = {isa = PBXFileReference; lastKnownFileType = file; path = button.riv; sourceTree = "<group>"; };
		24E528622BA60F9A0036311A /* icons.riv */ = {isa = PBXFileReference; lastKnownFileType = file; name = icons.riv; path = ../../../../../Documents/icons.riv; sourceTree = "<group>"; };
/* End PBXFileReference section */

/* Begin PBXFrameworksBuildPhase section */
		24B62D602B980D3B0026FDB5 /* Frameworks */ = {
			isa = PBXFrameworksBuildPhase;
			buildActionMask = 2147483647;
			files = (
				24572D722B9C3ECF00BADCBE /* FirebaseAuth in Frameworks */,
				24B4C4E42BAA0CBF00BDD082 /* FirebaseDatabaseSwift in Frameworks */,
				24203B312BAE196600BF6EE2 /* RiveRuntime in Frameworks */,
				24572D782B9C3ECF00BADCBE /* FirebaseStorage in Frameworks */,
				24203B2F2BAE195E00BF6EE2 /* GoogleSignInSwift in Frameworks */,
				24572D742B9C3ECF00BADCBE /* FirebaseFirestore in Frameworks */,
				24B4C4E22BAA0CBF00BDD082 /* FirebaseDatabase in Frameworks */,
				24572D762B9C3ECF00BADCBE /* FirebaseFirestoreSwift in Frameworks */,
				24203B2D2BAE195E00BF6EE2 /* GoogleSignIn in Frameworks */,
			);
			runOnlyForDeploymentPostprocessing = 0;
		};
		24B62D702B980D3D0026FDB5 /* Frameworks */ = {
			isa = PBXFrameworksBuildPhase;
			buildActionMask = 2147483647;
			files = (
			);
			runOnlyForDeploymentPostprocessing = 0;
		};
		24B62D7A2B980D3D0026FDB5 /* Frameworks */ = {
			isa = PBXFrameworksBuildPhase;
			buildActionMask = 2147483647;
			files = (
			);
			runOnlyForDeploymentPostprocessing = 0;
		};
/* End PBXFrameworksBuildPhase section */

/* Begin PBXGroup section */
		24572D582B9C1D8300BADCBE /* App */ = {
			isa = PBXGroup;
			children = (
				24B62D662B980D3B0026FDB5 /* UniHelpApp.swift */,
			);
			path = App;
			sourceTree = "<group>";
		};
		24572D5A2B9C1DE600BADCBE /* Components */ = {
			isa = PBXGroup;
			children = (
				24572D5D2B9C208100BADCBE /* InputView.swift */,
				24572D6A2B9C3A2E00BADCBE /* SettingsRowView.swift */,
				24DDFE332BA60761001F3386 /* TabView.swift */,
				2467E3A82BA62ADE003629D6 /* VCardView.swift */,
				2467E3B62BA63FE8003629D6 /* HCardView.swift */,
				24B4C4DA2BA8FF5F00BDD082 /* VCardDetailsView.swift */,
				2467E3B32BA630A0003629D6 /* CustomFont.swift */,
			);
			path = Components;
			sourceTree = "<group>";
		};
		24572D5F2B9C221200BADCBE /* Core */ = {
			isa = PBXGroup;
			children = (
				2480E31C2BA287A500B82D35 /* Utilities */,
				24572D612B9C224E00BADCBE /* Auth */,
				24572D602B9C222A00BADCBE /* Root */,
			);
			path = Core;
			sourceTree = "<group>";
		};
		24572D602B9C222A00BADCBE /* Root */ = {
			isa = PBXGroup;
			children = (
				24B62D682B980D3B0026FDB5 /* ContentView.swift */,
			);
			path = Root;
			sourceTree = "<group>";
		};
		24572D612B9C224E00BADCBE /* Auth */ = {
			isa = PBXGroup;
			children = (
				24572D792B9C3F0900BADCBE /* Views */,
				24572D7A2B9C3F1A00BADCBE /* ViewModel */,
			);
			path = Auth;
			sourceTree = "<group>";
		};
		24572D632B9C226C00BADCBE /* Model */ = {
			isa = PBXGroup;
			children = (
				24572D6C2B9C3C0800BADCBE /* User.swift */,
				2467E3A62BA6293D003629D6 /* StudySession.swift */,
			);
			path = Model;
			sourceTree = "<group>";
		};
		24572D792B9C3F0900BADCBE /* Views */ = {
			isa = PBXGroup;
			children = (
				24572D642B9C228D00BADCBE /* LoginView.swift */,
				24572D662B9C284E00BADCBE /* RegistrationView.swift */,
			);
			path = Views;
			sourceTree = "<group>";
		};
		24572D7A2B9C3F1A00BADCBE /* ViewModel */ = {
			isa = PBXGroup;
			children = (
				24572D7B2B9C3F2B00BADCBE /* AuthViewModel.swift */,
			);
			path = ViewModel;
			sourceTree = "<group>";
		};
		2467E3AA2BA62D7A003629D6 /* Fonts */ = {
			isa = PBXGroup;
			children = (
				2467E3AB2BA62D7A003629D6 /* Inter-Regular.ttf */,
				2467E3AC2BA62D7A003629D6 /* Poppins-Bold.ttf */,
				2467E3AD2BA62D7A003629D6 /* Inter-SemiBold.ttf */,
			);
			path = Fonts;
			sourceTree = "<group>";
		};
		2467E3B52BA63D36003629D6 /* Views */ = {
			isa = PBXGroup;
			children = (
				24DDFE2E2BA60540001F3386 /* HomeView.swift */,
				24572D682B9C386800BADCBE /* ProfileView.swift */,
				24447A442BC251B800247171 /* SearchView.swift */,
			);
			path = Views;
			sourceTree = "<group>";
		};
		2480E31C2BA287A500B82D35 /* Utilities */ = {
			isa = PBXGroup;
			children = (
				2480E31D2BA287B800B82D35 /* Utilites.swift */,
			);
			path = Utilities;
			sourceTree = "<group>";
		};
		24B4C4DC2BAA08AE00BDD082 /* ViewModel */ = {
			isa = PBXGroup;
			children = (
				24B4C4DD2BAA08D900BDD082 /* StudySessionViewModel.swift */,
			);
			path = ViewModel;
			sourceTree = "<group>";
		};
		24B62D5A2B980D3B0026FDB5 = {
			isa = PBXGroup;
			children = (
				24B62D652B980D3B0026FDB5 /* UniLink */,
				24B62D642B980D3B0026FDB5 /* Products */,
			);
			sourceTree = "<group>";
		};
		24B62D642B980D3B0026FDB5 /* Products */ = {
			isa = PBXGroup;
			children = (
				24B62D632B980D3B0026FDB5 /* UniLink.app */,
				24B62D732B980D3D0026FDB5 /* UniLinkTests.xctest */,
				24B62D7D2B980D3D0026FDB5 /* UniLinkUITests.xctest */,
			);
			name = Products;
			sourceTree = "<group>";
		};
		24B62D652B980D3B0026FDB5 /* UniLink */ = {
			isa = PBXGroup;
			children = (
				2480E31B2BA280F200B82D35 /* Info.plist */,
				24572D582B9C1D8300BADCBE /* App */,
				24572D5A2B9C1DE600BADCBE /* Components */,
				2467E3B52BA63D36003629D6 /* Views */,
				24572D5F2B9C221200BADCBE /* Core */,
				24572D632B9C226C00BADCBE /* Model */,
				24B4C4DC2BAA08AE00BDD082 /* ViewModel */,
				24E528532BA60D5D0036311A /* RiveAssets */,
				2467E3AA2BA62D7A003629D6 /* Fonts */,
				24B62D6A2B980D3D0026FDB5 /* Assets.xcassets */,
				24B4C4DF2BAA0AEB00BDD082 /* GoogleService-Info.plist */,
				24B62D6C2B980D3D0026FDB5 /* Preview Content */,
			);
			path = UniLink;
			sourceTree = "<group>";
		};
		24B62D6C2B980D3D0026FDB5 /* Preview Content */ = {
			isa = PBXGroup;
			children = (
				24B62D6D2B980D3D0026FDB5 /* Preview Assets.xcassets */,
			);
			path = "Preview Content";
			sourceTree = "<group>";
		};
		24E528532BA60D5D0036311A /* RiveAssets */ = {
			isa = PBXGroup;
			children = (
				24E528542BA60D5D0036311A /* house.riv */,
				24E528552BA60D5D0036311A /* confetti.riv */,
				24E528562BA60D5D0036311A /* check.riv */,
				24E528572BA60D5D0036311A /* menu_button.riv */,
				24E528582BA60D5D0036311A /* shapes.riv */,
				24E528592BA60D5D0036311A /* button.riv */,
				24E528622BA60F9A0036311A /* icons.riv */,
			);
			path = RiveAssets;
			sourceTree = "<group>";
		};
/* End PBXGroup section */

/* Begin PBXNativeTarget section */
		24B62D622B980D3B0026FDB5 /* UniLink */ = {
			isa = PBXNativeTarget;
			buildConfigurationList = 24B62D872B980D3D0026FDB5 /* Build configuration list for PBXNativeTarget "UniLink" */;
			buildPhases = (
				24B62D5F2B980D3B0026FDB5 /* Sources */,
				24B62D602B980D3B0026FDB5 /* Frameworks */,
				24B62D612B980D3B0026FDB5 /* Resources */,
			);
			buildRules = (
			);
			dependencies = (
			);
			name = UniLink;
			packageProductDependencies = (
				24572D712B9C3ECF00BADCBE /* FirebaseAuth */,
				24572D732B9C3ECF00BADCBE /* FirebaseFirestore */,
				24572D752B9C3ECF00BADCBE /* FirebaseFirestoreSwift */,
				24572D772B9C3ECF00BADCBE /* FirebaseStorage */,
				24B4C4E12BAA0CBF00BDD082 /* FirebaseDatabase */,
				24B4C4E32BAA0CBF00BDD082 /* FirebaseDatabaseSwift */,
				24203B2C2BAE195E00BF6EE2 /* GoogleSignIn */,
				24203B2E2BAE195E00BF6EE2 /* GoogleSignInSwift */,
				24203B302BAE196600BF6EE2 /* RiveRuntime */,
			);
			productName = UniHelp;
			productReference = 24B62D632B980D3B0026FDB5 /* UniLink.app */;
			productType = "com.apple.product-type.application";
		};
		24B62D722B980D3D0026FDB5 /* UniLinkTests */ = {
			isa = PBXNativeTarget;
			buildConfigurationList = 24B62D8A2B980D3D0026FDB5 /* Build configuration list for PBXNativeTarget "UniLinkTests" */;
			buildPhases = (
				24B62D6F2B980D3D0026FDB5 /* Sources */,
				24B62D702B980D3D0026FDB5 /* Frameworks */,
				24B62D712B980D3D0026FDB5 /* Resources */,
			);
			buildRules = (
			);
			dependencies = (
				24B62D752B980D3D0026FDB5 /* PBXTargetDependency */,
			);
			name = UniLinkTests;
			productName = UniHelpTests;
			productReference = 24B62D732B980D3D0026FDB5 /* UniLinkTests.xctest */;
			productType = "com.apple.product-type.bundle.unit-test";
		};
		24B62D7C2B980D3D0026FDB5 /* UniLinkUITests */ = {
			isa = PBXNativeTarget;
			buildConfigurationList = 24B62D8D2B980D3D0026FDB5 /* Build configuration list for PBXNativeTarget "UniLinkUITests" */;
			buildPhases = (
				24B62D792B980D3D0026FDB5 /* Sources */,
				24B62D7A2B980D3D0026FDB5 /* Frameworks */,
				24B62D7B2B980D3D0026FDB5 /* Resources */,
			);
			buildRules = (
			);
			dependencies = (
				24B62D7F2B980D3D0026FDB5 /* PBXTargetDependency */,
			);
			name = UniLinkUITests;
			productName = UniHelpUITests;
			productReference = 24B62D7D2B980D3D0026FDB5 /* UniLinkUITests.xctest */;
			productType = "com.apple.product-type.bundle.ui-testing";
		};
/* End PBXNativeTarget section */

/* Begin PBXProject section */
		24B62D5B2B980D3B0026FDB5 /* Project object */ = {
			isa = PBXProject;
			attributes = {
				BuildIndependentTargetsInParallel = 1;
				LastSwiftUpdateCheck = 1520;
				LastUpgradeCheck = 1520;
				TargetAttributes = {
					24B62D622B980D3B0026FDB5 = {
						CreatedOnToolsVersion = 15.2;
					};
					24B62D722B980D3D0026FDB5 = {
						CreatedOnToolsVersion = 15.2;
						TestTargetID = 24B62D622B980D3B0026FDB5;
					};
					24B62D7C2B980D3D0026FDB5 = {
						CreatedOnToolsVersion = 15.2;
						TestTargetID = 24B62D622B980D3B0026FDB5;
					};
				};
			};
			buildConfigurationList = 24B62D5E2B980D3B0026FDB5 /* Build configuration list for PBXProject "UniLink" */;
			compatibilityVersion = "Xcode 14.0";
			developmentRegion = en;
			hasScannedForEncodings = 0;
			knownRegions = (
				en,
				Base,
			);
			mainGroup = 24B62D5A2B980D3B0026FDB5;
			packageReferences = (
				24572D702B9C3ECF00BADCBE /* XCRemoteSwiftPackageReference "firebase-ios-sdk" */,
				2480E3102BA27C5500B82D35 /* XCRemoteSwiftPackageReference "GoogleSignIn-iOS" */,
				24DDFE302BA6072C001F3386 /* XCRemoteSwiftPackageReference "rive-ios" */,
			);
			productRefGroup = 24B62D642B980D3B0026FDB5 /* Products */;
			projectDirPath = "";
			projectRoot = "";
			targets = (
				24B62D622B980D3B0026FDB5 /* UniLink */,
				24B62D722B980D3D0026FDB5 /* UniLinkTests */,
				24B62D7C2B980D3D0026FDB5 /* UniLinkUITests */,
			);
		};
/* End PBXProject section */

/* Begin PBXResourcesBuildPhase section */
		24B62D612B980D3B0026FDB5 /* Resources */ = {
			isa = PBXResourcesBuildPhase;
			buildActionMask = 2147483647;
			files = (
				24E5285D2BA60D5D0036311A /* check.riv in Resources */,
				24E5285B2BA60D5D0036311A /* house.riv in Resources */,
				24B62D6E2B980D3D0026FDB5 /* Preview Assets.xcassets in Resources */,
				24E528602BA60D5D0036311A /* button.riv in Resources */,
				2467E3B02BA62D7A003629D6 /* Inter-SemiBold.ttf in Resources */,
				24B62D6B2B980D3D0026FDB5 /* Assets.xcassets in Resources */,
				24E5285F2BA60D5D0036311A /* shapes.riv in Resources */,
				2467E3AF2BA62D7A003629D6 /* Poppins-Bold.ttf in Resources */,
				24E5285E2BA60D5D0036311A /* menu_button.riv in Resources */,
				2467E3AE2BA62D7A003629D6 /* Inter-Regular.ttf in Resources */,
				24E5285C2BA60D5D0036311A /* confetti.riv in Resources */,
				24E528632BA60F9A0036311A /* icons.riv in Resources */,
				24B4C4E02BAA0AEB00BDD082 /* GoogleService-Info.plist in Resources */,
			);
			runOnlyForDeploymentPostprocessing = 0;
		};
		24B62D712B980D3D0026FDB5 /* Resources */ = {
			isa = PBXResourcesBuildPhase;
			buildActionMask = 2147483647;
			files = (
			);
			runOnlyForDeploymentPostprocessing = 0;
		};
		24B62D7B2B980D3D0026FDB5 /* Resources */ = {
			isa = PBXResourcesBuildPhase;
			buildActionMask = 2147483647;
			files = (
			);
			runOnlyForDeploymentPostprocessing = 0;
		};
/* End PBXResourcesBuildPhase section */

/* Begin PBXSourcesBuildPhase section */
		24B62D5F2B980D3B0026FDB5 /* Sources */ = {
			isa = PBXSourcesBuildPhase;
			buildActionMask = 2147483647;
			files = (
				2480E31E2BA287B800B82D35 /* Utilites.swift in Sources */,
				24447A452BC251B800247171 /* SearchView.swift in Sources */,
				24572D5E2B9C208100BADCBE /* InputView.swift in Sources */,
				2467E3A92BA62ADE003629D6 /* VCardView.swift in Sources */,
				24B4C4DE2BAA08D900BDD082 /* StudySessionViewModel.swift in Sources */,
				24B62D692B980D3B0026FDB5 /* ContentView.swift in Sources */,
				24B4C4DB2BA8FF5F00BDD082 /* VCardDetailsView.swift in Sources */,
				24572D652B9C228D00BADCBE /* LoginView.swift in Sources */,
				24B62D672B980D3B0026FDB5 /* UniHelpApp.swift in Sources */,
				24DDFE2F2BA60540001F3386 /* HomeView.swift in Sources */,
				24572D6D2B9C3C0800BADCBE /* User.swift in Sources */,
				2467E3B72BA63FE8003629D6 /* HCardView.swift in Sources */,
				2467E3A72BA6293D003629D6 /* StudySession.swift in Sources */,
				24572D692B9C386800BADCBE /* ProfileView.swift in Sources */,
				24572D672B9C284E00BADCBE /* RegistrationView.swift in Sources */,
				24572D6B2B9C3A2E00BADCBE /* SettingsRowView.swift in Sources */,
				2467E3B42BA630A0003629D6 /* CustomFont.swift in Sources */,
				24DDFE342BA60761001F3386 /* TabView.swift in Sources */,
				24572D7C2B9C3F2B00BADCBE /* AuthViewModel.swift in Sources */,
			);
			runOnlyForDeploymentPostprocessing = 0;
		};
		24B62D6F2B980D3D0026FDB5 /* Sources */ = {
			isa = PBXSourcesBuildPhase;
			buildActionMask = 2147483647;
			files = (
			);
			runOnlyForDeploymentPostprocessing = 0;
		};
		24B62D792B980D3D0026FDB5 /* Sources */ = {
			isa = PBXSourcesBuildPhase;
			buildActionMask = 2147483647;
			files = (
			);
			runOnlyForDeploymentPostprocessing = 0;
		};
/* End PBXSourcesBuildPhase section */

/* Begin PBXTargetDependency section */
		24B62D752B980D3D0026FDB5 /* PBXTargetDependency */ = {
			isa = PBXTargetDependency;
			target = 24B62D622B980D3B0026FDB5 /* UniLink */;
			targetProxy = 24B62D742B980D3D0026FDB5 /* PBXContainerItemProxy */;
		};
		24B62D7F2B980D3D0026FDB5 /* PBXTargetDependency */ = {
			isa = PBXTargetDependency;
			target = 24B62D622B980D3B0026FDB5 /* UniLink */;
			targetProxy = 24B62D7E2B980D3D0026FDB5 /* PBXContainerItemProxy */;
		};
/* End PBXTargetDependency section */

/* Begin XCBuildConfiguration section */
		24B62D852B980D3D0026FDB5 /* Debug */ = {
			isa = XCBuildConfiguration;
			buildSettings = {
				ALWAYS_SEARCH_USER_PATHS = NO;
				ASSETCATALOG_COMPILER_GENERATE_SWIFT_ASSET_SYMBOL_EXTENSIONS = YES;
				CLANG_ANALYZER_NONNULL = YES;
				CLANG_ANALYZER_NUMBER_OBJECT_CONVERSION = YES_AGGRESSIVE;
				CLANG_CXX_LANGUAGE_STANDARD = "gnu++20";
				CLANG_ENABLE_MODULES = YES;
				CLANG_ENABLE_OBJC_ARC = YES;
				CLANG_ENABLE_OBJC_WEAK = YES;
				CLANG_WARN_BLOCK_CAPTURE_AUTORELEASING = YES;
				CLANG_WARN_BOOL_CONVERSION = YES;
				CLANG_WARN_COMMA = YES;
				CLANG_WARN_CONSTANT_CONVERSION = YES;
				CLANG_WARN_DEPRECATED_OBJC_IMPLEMENTATIONS = YES;
				CLANG_WARN_DIRECT_OBJC_ISA_USAGE = YES_ERROR;
				CLANG_WARN_DOCUMENTATION_COMMENTS = YES;
				CLANG_WARN_EMPTY_BODY = YES;
				CLANG_WARN_ENUM_CONVERSION = YES;
				CLANG_WARN_INFINITE_RECURSION = YES;
				CLANG_WARN_INT_CONVERSION = YES;
				CLANG_WARN_NON_LITERAL_NULL_CONVERSION = YES;
				CLANG_WARN_OBJC_IMPLICIT_RETAIN_SELF = YES;
				CLANG_WARN_OBJC_LITERAL_CONVERSION = YES;
				CLANG_WARN_OBJC_ROOT_CLASS = YES_ERROR;
				CLANG_WARN_QUOTED_INCLUDE_IN_FRAMEWORK_HEADER = YES;
				CLANG_WARN_RANGE_LOOP_ANALYSIS = YES;
				CLANG_WARN_STRICT_PROTOTYPES = YES;
				CLANG_WARN_SUSPICIOUS_MOVE = YES;
				CLANG_WARN_UNGUARDED_AVAILABILITY = YES_AGGRESSIVE;
				CLANG_WARN_UNREACHABLE_CODE = YES;
				CLANG_WARN__DUPLICATE_METHOD_MATCH = YES;
				COPY_PHASE_STRIP = NO;
				DEBUG_INFORMATION_FORMAT = dwarf;
				ENABLE_STRICT_OBJC_MSGSEND = YES;
				ENABLE_TESTABILITY = YES;
				ENABLE_USER_SCRIPT_SANDBOXING = YES;
				GCC_C_LANGUAGE_STANDARD = gnu17;
				GCC_DYNAMIC_NO_PIC = NO;
				GCC_NO_COMMON_BLOCKS = YES;
				GCC_OPTIMIZATION_LEVEL = 0;
				GCC_PREPROCESSOR_DEFINITIONS = (
					"DEBUG=1",
					"$(inherited)",
				);
				GCC_WARN_64_TO_32_BIT_CONVERSION = YES;
				GCC_WARN_ABOUT_RETURN_TYPE = YES_ERROR;
				GCC_WARN_UNDECLARED_SELECTOR = YES;
				GCC_WARN_UNINITIALIZED_AUTOS = YES_AGGRESSIVE;
				GCC_WARN_UNUSED_FUNCTION = YES;
				GCC_WARN_UNUSED_VARIABLE = YES;
				IPHONEOS_DEPLOYMENT_TARGET = 17.2;
				LOCALIZATION_PREFERS_STRING_CATALOGS = YES;
				MTL_ENABLE_DEBUG_INFO = INCLUDE_SOURCE;
				MTL_FAST_MATH = YES;
				ONLY_ACTIVE_ARCH = YES;
				SDKROOT = iphoneos;
				SWIFT_ACTIVE_COMPILATION_CONDITIONS = "DEBUG $(inherited)";
				SWIFT_OPTIMIZATION_LEVEL = "-Onone";
			};
			name = Debug;
		};
		24B62D862B980D3D0026FDB5 /* Release */ = {
			isa = XCBuildConfiguration;
			buildSettings = {
				ALWAYS_SEARCH_USER_PATHS = NO;
				ASSETCATALOG_COMPILER_GENERATE_SWIFT_ASSET_SYMBOL_EXTENSIONS = YES;
				CLANG_ANALYZER_NONNULL = YES;
				CLANG_ANALYZER_NUMBER_OBJECT_CONVERSION = YES_AGGRESSIVE;
				CLANG_CXX_LANGUAGE_STANDARD = "gnu++20";
				CLANG_ENABLE_MODULES = YES;
				CLANG_ENABLE_OBJC_ARC = YES;
				CLANG_ENABLE_OBJC_WEAK = YES;
				CLANG_WARN_BLOCK_CAPTURE_AUTORELEASING = YES;
				CLANG_WARN_BOOL_CONVERSION = YES;
				CLANG_WARN_COMMA = YES;
				CLANG_WARN_CONSTANT_CONVERSION = YES;
				CLANG_WARN_DEPRECATED_OBJC_IMPLEMENTATIONS = YES;
				CLANG_WARN_DIRECT_OBJC_ISA_USAGE = YES_ERROR;
				CLANG_WARN_DOCUMENTATION_COMMENTS = YES;
				CLANG_WARN_EMPTY_BODY = YES;
				CLANG_WARN_ENUM_CONVERSION = YES;
				CLANG_WARN_INFINITE_RECURSION = YES;
				CLANG_WARN_INT_CONVERSION = YES;
				CLANG_WARN_NON_LITERAL_NULL_CONVERSION = YES;
				CLANG_WARN_OBJC_IMPLICIT_RETAIN_SELF = YES;
				CLANG_WARN_OBJC_LITERAL_CONVERSION = YES;
				CLANG_WARN_OBJC_ROOT_CLASS = YES_ERROR;
				CLANG_WARN_QUOTED_INCLUDE_IN_FRAMEWORK_HEADER = YES;
				CLANG_WARN_RANGE_LOOP_ANALYSIS = YES;
				CLANG_WARN_STRICT_PROTOTYPES = YES;
				CLANG_WARN_SUSPICIOUS_MOVE = YES;
				CLANG_WARN_UNGUARDED_AVAILABILITY = YES_AGGRESSIVE;
				CLANG_WARN_UNREACHABLE_CODE = YES;
				CLANG_WARN__DUPLICATE_METHOD_MATCH = YES;
				COPY_PHASE_STRIP = NO;
				DEBUG_INFORMATION_FORMAT = "dwarf-with-dsym";
				ENABLE_NS_ASSERTIONS = NO;
				ENABLE_STRICT_OBJC_MSGSEND = YES;
				ENABLE_USER_SCRIPT_SANDBOXING = YES;
				GCC_C_LANGUAGE_STANDARD = gnu17;
				GCC_NO_COMMON_BLOCKS = YES;
				GCC_WARN_64_TO_32_BIT_CONVERSION = YES;
				GCC_WARN_ABOUT_RETURN_TYPE = YES_ERROR;
				GCC_WARN_UNDECLARED_SELECTOR = YES;
				GCC_WARN_UNINITIALIZED_AUTOS = YES_AGGRESSIVE;
				GCC_WARN_UNUSED_FUNCTION = YES;
				GCC_WARN_UNUSED_VARIABLE = YES;
				IPHONEOS_DEPLOYMENT_TARGET = 17.2;
				LOCALIZATION_PREFERS_STRING_CATALOGS = YES;
				MTL_ENABLE_DEBUG_INFO = NO;
				MTL_FAST_MATH = YES;
				SDKROOT = iphoneos;
				SWIFT_COMPILATION_MODE = wholemodule;
				VALIDATE_PRODUCT = YES;
			};
			name = Release;
		};
		24B62D882B980D3D0026FDB5 /* Debug */ = {
			isa = XCBuildConfiguration;
			buildSettings = {
				ASSETCATALOG_COMPILER_APPICON_NAME = AppIcon;
				ASSETCATALOG_COMPILER_GLOBAL_ACCENT_COLOR_NAME = AccentColor;
				CODE_SIGN_STYLE = Automatic;
				CURRENT_PROJECT_VERSION = 1;
				DEVELOPMENT_ASSET_PATHS = "UniLink/Preview\\ Content";
				DEVELOPMENT_TEAM = T5RS4V4R68;
				ENABLE_PREVIEWS = YES;
				GENERATE_INFOPLIST_FILE = YES;
				INFOPLIST_FILE = UniLink/Info.plist;
				INFOPLIST_KEY_UIApplicationSceneManifest_Generation = YES;
				INFOPLIST_KEY_UIApplicationSupportsIndirectInputEvents = YES;
				INFOPLIST_KEY_UILaunchScreen_Generation = YES;
				INFOPLIST_KEY_UISupportedInterfaceOrientations = UIInterfaceOrientationPortrait;
				INFOPLIST_KEY_UISupportedInterfaceOrientations_iPad = "UIInterfaceOrientationLandscapeLeft UIInterfaceOrientationLandscapeRight UIInterfaceOrientationPortrait UIInterfaceOrientationPortraitUpsideDown";
				LD_RUNPATH_SEARCH_PATHS = (
					"$(inherited)",
					"@executable_path/Frameworks",
				);
				MARKETING_VERSION = 1.0;
				OTHER_LIBTOOLFLAGS = "\"-WLinkingC true\" \"-XCExpApple true\" \"-XCBuildForPre true\"";
				PRODUCT_BUNDLE_IDENTIFIER = "Evan-Best.UniLink";
				PRODUCT_NAME = "$(TARGET_NAME)";
				SWIFT_EMIT_LOC_STRINGS = YES;
				SWIFT_VERSION = 5.0;
				TARGETED_DEVICE_FAMILY = "1,2";
			};
			name = Debug;
		};
		24B62D892B980D3D0026FDB5 /* Release */ = {
			isa = XCBuildConfiguration;
			buildSettings = {
				ASSETCATALOG_COMPILER_APPICON_NAME = AppIcon;
				ASSETCATALOG_COMPILER_GLOBAL_ACCENT_COLOR_NAME = AccentColor;
				CODE_SIGN_STYLE = Automatic;
				CURRENT_PROJECT_VERSION = 1;
				DEVELOPMENT_ASSET_PATHS = "UniLink/Preview\\ Content";
				DEVELOPMENT_TEAM = T5RS4V4R68;
				ENABLE_PREVIEWS = YES;
				GENERATE_INFOPLIST_FILE = YES;
				INFOPLIST_FILE = UniLink/Info.plist;
				INFOPLIST_KEY_UIApplicationSceneManifest_Generation = YES;
				INFOPLIST_KEY_UIApplicationSupportsIndirectInputEvents = YES;
				INFOPLIST_KEY_UILaunchScreen_Generation = YES;
				INFOPLIST_KEY_UISupportedInterfaceOrientations = UIInterfaceOrientationPortrait;
				INFOPLIST_KEY_UISupportedInterfaceOrientations_iPad = "UIInterfaceOrientationLandscapeLeft UIInterfaceOrientationLandscapeRight UIInterfaceOrientationPortrait UIInterfaceOrientationPortraitUpsideDown";
				LD_RUNPATH_SEARCH_PATHS = (
					"$(inherited)",
					"@executable_path/Frameworks",
				);
				MARKETING_VERSION = 1.0;
				OTHER_LIBTOOLFLAGS = "\"-WLinkingC true\" \"-XCExpApple true\" \"-XCBuildForPre true\"";
				PRODUCT_BUNDLE_IDENTIFIER = "Evan-Best.UniLink";
				PRODUCT_NAME = "$(TARGET_NAME)";
				SWIFT_EMIT_LOC_STRINGS = YES;
				SWIFT_VERSION = 5.0;
				TARGETED_DEVICE_FAMILY = "1,2";
			};
			name = Release;
		};
		24B62D8B2B980D3D0026FDB5 /* Debug */ = {
			isa = XCBuildConfiguration;
			buildSettings = {
				ALWAYS_EMBED_SWIFT_STANDARD_LIBRARIES = YES;
				BUNDLE_LOADER = "$(TEST_HOST)";
				CODE_SIGN_STYLE = Automatic;
				CURRENT_PROJECT_VERSION = 1;
				DEVELOPMENT_TEAM = T5RS4V4R68;
				GENERATE_INFOPLIST_FILE = YES;
				IPHONEOS_DEPLOYMENT_TARGET = 17.2;
				MARKETING_VERSION = 1.0;
				PRODUCT_BUNDLE_IDENTIFIER = "Evan-Best.UniLinkTests";
				PRODUCT_NAME = "$(TARGET_NAME)";
				SWIFT_EMIT_LOC_STRINGS = NO;
				SWIFT_VERSION = 5.0;
				TARGETED_DEVICE_FAMILY = "1,2";
				TEST_HOST = "$(BUILT_PRODUCTS_DIR)/UniLink.app/$(BUNDLE_EXECUTABLE_FOLDER_PATH)/UniLink";
			};
			name = Debug;
		};
		24B62D8C2B980D3D0026FDB5 /* Release */ = {
			isa = XCBuildConfiguration;
			buildSettings = {
				ALWAYS_EMBED_SWIFT_STANDARD_LIBRARIES = YES;
				BUNDLE_LOADER = "$(TEST_HOST)";
				CODE_SIGN_STYLE = Automatic;
				CURRENT_PROJECT_VERSION = 1;
				DEVELOPMENT_TEAM = T5RS4V4R68;
				GENERATE_INFOPLIST_FILE = YES;
				IPHONEOS_DEPLOYMENT_TARGET = 17.2;
				MARKETING_VERSION = 1.0;
				PRODUCT_BUNDLE_IDENTIFIER = "Evan-Best.UniLinkTests";
				PRODUCT_NAME = "$(TARGET_NAME)";
				SWIFT_EMIT_LOC_STRINGS = NO;
				SWIFT_VERSION = 5.0;
				TARGETED_DEVICE_FAMILY = "1,2";
				TEST_HOST = "$(BUILT_PRODUCTS_DIR)/UniLink.app/$(BUNDLE_EXECUTABLE_FOLDER_PATH)/UniLink";
			};
			name = Release;
		};
		24B62D8E2B980D3D0026FDB5 /* Debug */ = {
			isa = XCBuildConfiguration;
			buildSettings = {
				ALWAYS_EMBED_SWIFT_STANDARD_LIBRARIES = YES;
				CODE_SIGN_STYLE = Automatic;
				CURRENT_PROJECT_VERSION = 1;
				DEVELOPMENT_TEAM = T5RS4V4R68;
				GENERATE_INFOPLIST_FILE = YES;
				MARKETING_VERSION = 1.0;
				PRODUCT_BUNDLE_IDENTIFIER = "Evan-Best.UniHelpUITests";
				PRODUCT_NAME = "$(TARGET_NAME)";
				SWIFT_EMIT_LOC_STRINGS = NO;
				SWIFT_VERSION = 5.0;
				TARGETED_DEVICE_FAMILY = "1,2";
				TEST_TARGET_NAME = UniHelp;
			};
			name = Debug;
		};
		24B62D8F2B980D3D0026FDB5 /* Release */ = {
			isa = XCBuildConfiguration;
			buildSettings = {
				ALWAYS_EMBED_SWIFT_STANDARD_LIBRARIES = YES;
				CODE_SIGN_STYLE = Automatic;
				CURRENT_PROJECT_VERSION = 1;
				DEVELOPMENT_TEAM = T5RS4V4R68;
				GENERATE_INFOPLIST_FILE = YES;
				MARKETING_VERSION = 1.0;
				PRODUCT_BUNDLE_IDENTIFIER = "Evan-Best.UniHelpUITests";
				PRODUCT_NAME = "$(TARGET_NAME)";
				SWIFT_EMIT_LOC_STRINGS = NO;
				SWIFT_VERSION = 5.0;
				TARGETED_DEVICE_FAMILY = "1,2";
				TEST_TARGET_NAME = UniHelp;
			};
			name = Release;
		};
/* End XCBuildConfiguration section */

/* Begin XCConfigurationList section */
		24B62D5E2B980D3B0026FDB5 /* Build configuration list for PBXProject "UniLink" */ = {
			isa = XCConfigurationList;
			buildConfigurations = (
				24B62D852B980D3D0026FDB5 /* Debug */,
				24B62D862B980D3D0026FDB5 /* Release */,
			);
			defaultConfigurationIsVisible = 0;
			defaultConfigurationName = Release;
		};
		24B62D872B980D3D0026FDB5 /* Build configuration list for PBXNativeTarget "UniLink" */ = {
			isa = XCConfigurationList;
			buildConfigurations = (
				24B62D882B980D3D0026FDB5 /* Debug */,
				24B62D892B980D3D0026FDB5 /* Release */,
			);
			defaultConfigurationIsVisible = 0;
			defaultConfigurationName = Release;
		};
		24B62D8A2B980D3D0026FDB5 /* Build configuration list for PBXNativeTarget "UniLinkTests" */ = {
			isa = XCConfigurationList;
			buildConfigurations = (
				24B62D8B2B980D3D0026FDB5 /* Debug */,
				24B62D8C2B980D3D0026FDB5 /* Release */,
			);
			defaultConfigurationIsVisible = 0;
			defaultConfigurationName = Release;
		};
		24B62D8D2B980D3D0026FDB5 /* Build configuration list for PBXNativeTarget "UniLinkUITests" */ = {
			isa = XCConfigurationList;
			buildConfigurations = (
				24B62D8E2B980D3D0026FDB5 /* Debug */,
				24B62D8F2B980D3D0026FDB5 /* Release */,
			);
			defaultConfigurationIsVisible = 0;
			defaultConfigurationName = Release;
		};
/* End XCConfigurationList section */

/* Begin XCRemoteSwiftPackageReference section */
		24572D702B9C3ECF00BADCBE /* XCRemoteSwiftPackageReference "firebase-ios-sdk" */ = {
			isa = XCRemoteSwiftPackageReference;
			repositoryURL = "https://github.com/firebase/firebase-ios-sdk";
			requirement = {
				kind = upToNextMajorVersion;
				minimumVersion = 10.22.1;
			};
		};
		2480E3102BA27C5500B82D35 /* XCRemoteSwiftPackageReference "GoogleSignIn-iOS" */ = {
			isa = XCRemoteSwiftPackageReference;
			repositoryURL = "https://github.com/google/GoogleSignIn-iOS";
			requirement = {
				kind = upToNextMajorVersion;
				minimumVersion = 7.0.0;
			};
		};
		24DDFE302BA6072C001F3386 /* XCRemoteSwiftPackageReference "rive-ios" */ = {
			isa = XCRemoteSwiftPackageReference;
			repositoryURL = "https://github.com/rive-app/rive-ios";
			requirement = {
				kind = upToNextMajorVersion;
				minimumVersion = 5.9.1;
			};
		};
/* End XCRemoteSwiftPackageReference section */

/* Begin XCSwiftPackageProductDependency section */
		24203B2C2BAE195E00BF6EE2 /* GoogleSignIn */ = {
			isa = XCSwiftPackageProductDependency;
			package = 2480E3102BA27C5500B82D35 /* XCRemoteSwiftPackageReference "GoogleSignIn-iOS" */;
			productName = GoogleSignIn;
		};
		24203B2E2BAE195E00BF6EE2 /* GoogleSignInSwift */ = {
			isa = XCSwiftPackageProductDependency;
			package = 2480E3102BA27C5500B82D35 /* XCRemoteSwiftPackageReference "GoogleSignIn-iOS" */;
			productName = GoogleSignInSwift;
		};
		24203B302BAE196600BF6EE2 /* RiveRuntime */ = {
			isa = XCSwiftPackageProductDependency;
			package = 24DDFE302BA6072C001F3386 /* XCRemoteSwiftPackageReference "rive-ios" */;
			productName = RiveRuntime;
		};
		24572D712B9C3ECF00BADCBE /* FirebaseAuth */ = {
			isa = XCSwiftPackageProductDependency;
			package = 24572D702B9C3ECF00BADCBE /* XCRemoteSwiftPackageReference "firebase-ios-sdk" */;
			productName = FirebaseAuth;
		};
		24572D732B9C3ECF00BADCBE /* FirebaseFirestore */ = {
			isa = XCSwiftPackageProductDependency;
			package = 24572D702B9C3ECF00BADCBE /* XCRemoteSwiftPackageReference "firebase-ios-sdk" */;
			productName = FirebaseFirestore;
		};
		24572D752B9C3ECF00BADCBE /* FirebaseFirestoreSwift */ = {
			isa = XCSwiftPackageProductDependency;
			package = 24572D702B9C3ECF00BADCBE /* XCRemoteSwiftPackageReference "firebase-ios-sdk" */;
			productName = FirebaseFirestoreSwift;
		};
		24572D772B9C3ECF00BADCBE /* FirebaseStorage */ = {
			isa = XCSwiftPackageProductDependency;
			package = 24572D702B9C3ECF00BADCBE /* XCRemoteSwiftPackageReference "firebase-ios-sdk" */;
			productName = FirebaseStorage;
		};
		24B4C4E12BAA0CBF00BDD082 /* FirebaseDatabase */ = {
			isa = XCSwiftPackageProductDependency;
			productName = FirebaseDatabase;
		};
		24B4C4E32BAA0CBF00BDD082 /* FirebaseDatabaseSwift */ = {
			isa = XCSwiftPackageProductDependency;
			productName = FirebaseDatabaseSwift;
		};
/* End XCSwiftPackageProductDependency section */
	};
	rootObject = 24B62D5B2B980D3B0026FDB5 /* Project object */;
}
